
Microsoft Visual Studio Solution File, Format Version 12.00
# Visual Studio Version 17
VisualStudioVersion = 17.4.33122.133
MinimumVisualStudioVersion = 10.0.40219.1
Project("{FAE04EC0-301F-11D3-BF4B-00C04F79EFBC}") = "clutch-identity", "clutch-identity.csproj", "{65AF031D-3E60-42E6-B87F-C8E4B5071881}"
EndProject
Global
	GlobalSection(SolutionConfigurationPlatforms) = preSolution
		Debug|Any CPU = Debug|Any CPU
		Release|Any CPU = Release|Any CPU
	EndGlobalSection
	GlobalSection(ProjectConfigurationPlatforms) = postSolution
		{65AF031D-3E60-42E6-B87F-C8E4B5071881}.Debug|Any CPU.ActiveCfg = Debug|Any CPU
		{65AF031D-3E60-42E6-B87F-C8E4B5071881}.Debug|Any CPU.Build.0 = Debug|Any CPU
		{65AF031D-3E60-42E6-B87F-C8E4B5071881}.Release|Any CPU.ActiveCfg = Release|Any CPU
		{65AF031D-3E60-42E6-B87F-C8E4B5071881}.Release|Any CPU.Build.0 = Release|Any CPU
	EndGlobalSection
	GlobalSection(SolutionProperties) = preSolution
		HideSolutionNode = FALSE
	EndGlobalSection
	GlobalSection(ExtensibilityGlobals) = postSolution
		SolutionGuid = {AC51A882-9EF6-455D-824B-B2E81E68CFF0}
	EndGlobalSection
EndGlobal
